
Microsoft Visual Studio Solution File, Format Version 12.00
# Visual Studio Version 17
VisualStudioVersion = 17.5.002.0
MinimumVisualStudioVersion = 10.0.40219.1
Project("{9A19103F-16F7-4668-BE54-9A1E7A4F7556}") = "MdloDtos - Backup", "MdloDtos - Backup.csproj", "{19D9E4B5-6ADE-4A0B-AE74-73EEFE7CA413}"
EndProject
Project("{9A19103F-16F7-4668-BE54-9A1E7A4F7556}") = "MdloDtos", "MdloDtos.csproj", "{47381775-9EF3-4172-B9B7-17D39EAE9760}"
EndProject
Global
	GlobalSection(SolutionConfigurationPlatforms) = preSolution
		Debug|Any CPU = Debug|Any CPU
		Release|Any CPU = Release|Any CPU
	EndGlobalSection
	GlobalSection(ProjectConfigurationPlatforms) = postSolution
		{19D9E4B5-6ADE-4A0B-AE74-73EEFE7CA413}.Debug|Any CPU.ActiveCfg = Debug|Any CPU
		{19D9E4B5-6ADE-4A0B-AE74-73EEFE7CA413}.Debug|Any CPU.Build.0 = Debug|Any CPU
		{19D9E4B5-6ADE-4A0B-AE74-73EEFE7CA413}.Release|Any CPU.ActiveCfg = Release|Any CPU
		{19D9E4B5-6ADE-4A0B-AE74-73EEFE7CA413}.Release|Any CPU.Build.0 = Release|Any CPU
		{47381775-9EF3-4172-B9B7-17D39EAE9760}.Debug|Any CPU.ActiveCfg = Debug|Any CPU
		{47381775-9EF3-4172-B9B7-17D39EAE9760}.Debug|Any CPU.Build.0 = Debug|Any CPU
		{47381775-9EF3-4172-B9B7-17D39EAE9760}.Release|Any CPU.ActiveCfg = Release|Any CPU
		{47381775-9EF3-4172-B9B7-17D39EAE9760}.Release|Any CPU.Build.0 = Release|Any CPU
	EndGlobalSection
	GlobalSection(SolutionProperties) = preSolution
		HideSolutionNode = FALSE
	EndGlobalSection
	GlobalSection(ExtensibilityGlobals) = postSolution
		SolutionGuid = {8E54FFB6-9BE3-4EF6-8EC7-0B30D51BF795}
	EndGlobalSection
EndGlobal
